uuid: fcb8ea25-0886-43d3-b6e2-1f1051827b20
langcode: en
status: true
dependencies:
  module:
    - unity_search_pages
  theme:
    - pbni_theme
id: pbni_theme_sitesearchblock
theme: pbni_theme
region: search
weight: 0
provider: null
plugin: site_search_block
settings:
  id: site_search_block
  label: 'Site search block'
  label_display: '0'
  provider: unity_search_pages
visibility: {  }
