uuid: 4f733395-2608-4ba1-a105-abd66f2a03bf
langcode: en
status: true
dependencies:
  module:
    - system
    - unity_search_pages
  theme:
    - afbi_theme
id: sitesearchblock
theme: afbi_theme
region: search
weight: 0
provider: null
plugin: site_search_block
settings:
  id: site_search_block
  label: 'Site search block'
  label_display: '0'
  provider: unity_search_pages
visibility:
  request_path:
    id: request_path
    negate: true
    pages: '/search*'
