uuid: 1f71f3fd-49ed-4da1-90a5-e19cd06a7b59
langcode: en
status: true
dependencies:
  module:
    - system
    - unity_search_pages
  theme:
    - niaomi_theme
id: sitesearchblock
theme: niaomi_theme
region: search
weight: 0
provider: null
plugin: site_search_block
settings:
  id: site_search_block
  label: 'Site search block'
  label_display: '0'
  provider: unity_search_pages
visibility:
  request_path:
    id: request_path
    negate: true
    pages: /search
