uuid: 9aff8e1a-2f71-4b03-97e3-648389dbcfb4
langcode: en
status: true
dependencies:
  module:
    - system
    - unity_search_pages
  theme:
    - nipsintra_theme
id: sitesearchblock
theme: nipsintra_theme
region: search
weight: 0
provider: null
plugin: site_search_block
settings:
  id: site_search_block
  label: 'Site search block'
  label_display: '0'
  provider: unity_search_pages
visibility:
  request_path:
    id: request_path
    negate: true
    pages: "/search\r\n/search*"
